// !$*UTF8*$!
{
	archiveVersion = 1;
	classes = {
	};
	objectVersion = 46;
	objects = {

/* Begin PBXBuildFile section */
		424AAC301A9156E8F4552B34 /* libPods.a in Frameworks */ = {isa = PBXBuildFile; fileRef = 8E67797864CA59834FC0908C /* libPods.a */; };
		525BD62B1CEC9E0100D7DE8F /* SwiftyJSON.framework in Frameworks */ = {isa = PBXBuildFile; fileRef = 525BD62A1CEC9E0100D7DE8F /* SwiftyJSON.framework */; };
		525BD62C1CEC9E0100D7DE8F /* SwiftyJSON.framework in Embed Frameworks */ = {isa = PBXBuildFile; fileRef = 525BD62A1CEC9E0100D7DE8F /* SwiftyJSON.framework */; settings = {ATTRIBUTES = (CodeSignOnCopy, RemoveHeadersOnCopy, ); }; };
		525BD64A1CEC9ED200D7DE8F /* AppDelegate.swift in Sources */ = {isa = PBXBuildFile; fileRef = 525BD62F1CEC9ED200D7DE8F /* AppDelegate.swift */; };
		525BD64B1CEC9ED200D7DE8F /* WildDogHelper.swift in Sources */ = {isa = PBXBuildFile; fileRef = 525BD6311CEC9ED200D7DE8F /* WildDogHelper.swift */; };
		525BD64C1CEC9ED200D7DE8F /* SwiftMacro.swift in Sources */ = {isa = PBXBuildFile; fileRef = 525BD6331CEC9ED200D7DE8F /* SwiftMacro.swift */; };
		525BD64D1CEC9ED200D7DE8F /* StatusViewController.swift in Sources */ = {isa = PBXBuildFile; fileRef = 525BD6381CEC9ED200D7DE8F /* StatusViewController.swift */; };
		525BD64E1CEC9ED200D7DE8F /* ZEStatusVCModel.swift in Sources */ = {isa = PBXBuildFile; fileRef = 525BD63A1CEC9ED200D7DE8F /* ZEStatusVCModel.swift */; };
		525BD64F1CEC9ED200D7DE8F /* StatusCell.swift in Sources */ = {isa = PBXBuildFile; fileRef = 525BD63C1CEC9ED200D7DE8F /* StatusCell.swift */; };
		525BD6501CEC9ED200D7DE8F /* StatusCell.xib in Resources */ = {isa = PBXBuildFile; fileRef = 525BD63D1CEC9ED200D7DE8F /* StatusCell.xib */; };
		525BD6511CEC9ED200D7DE8F /* LaunchScreen.storyboard in Resources */ = {isa = PBXBuildFile; fileRef = 525BD6471CEC9ED200D7DE8F /* LaunchScreen.storyboard */; };
		525BD6521CEC9ED200D7DE8F /* Main.storyboard in Resources */ = {isa = PBXBuildFile; fileRef = 525BD6481CEC9ED200D7DE8F /* Main.storyboard */; };
		525DA3A51CF000F500CF873C /* ZEHud.swift in Sources */ = {isa = PBXBuildFile; fileRef = 525DA3A41CF000F500CF873C /* ZEHud.swift */; };
		525DA3A71CF0011900CF873C /* ZERundom.swift in Sources */ = {isa = PBXBuildFile; fileRef = 525DA3A61CF0011900CF873C /* ZERundom.swift */; };
		526C3E951CEEEBBA0084708E /* ZETableViewModel.swift in Sources */ = {isa = PBXBuildFile; fileRef = 526C3E941CEEEBBA0084708E /* ZETableViewModel.swift */; };
		5287908E1CF047D30081409F /* TagMacro.swift in Sources */ = {isa = PBXBuildFile; fileRef = 5287908D1CF047D30081409F /* TagMacro.swift */; };
		52977DA01CED74C400FC7F83 /* AlbumToolbarView.swift in Sources */ = {isa = PBXBuildFile; fileRef = 52977D8A1CED74C400FC7F83 /* AlbumToolbarView.swift */; };
		52977DA11CED74C400FC7F83 /* ImageModel.swift in Sources */ = {isa = PBXBuildFile; fileRef = 52977D8B1CED74C400FC7F83 /* ImageModel.swift */; };
		52977DA21CED74C400FC7F83 /* NSIndexSet+Extension.swift in Sources */ = {isa = PBXBuildFile; fileRef = 52977D8C1CED74C400FC7F83 /* NSIndexSet+Extension.swift */; };
		52977DA31CED74C400FC7F83 /* PhotoAlbumsTableViewController.swift in Sources */ = {isa = PBXBuildFile; fileRef = 52977D8D1CED74C400FC7F83 /* PhotoAlbumsTableViewController.swift */; };
		52977DA41CED74C400FC7F83 /* PhotoAlbumTableViewCell.swift in Sources */ = {isa = PBXBuildFile; fileRef = 52977D8E1CED74C400FC7F83 /* PhotoAlbumTableViewCell.swift */; };
		52977DA51CED74C400FC7F83 /* PhotoAlbumTableViewCell.xib in Resources */ = {isa = PBXBuildFile; fileRef = 52977D8F1CED74C400FC7F83 /* PhotoAlbumTableViewCell.xib */; };
		52977DA61CED74C400FC7F83 /* photoCollectionViewCell.swift in Sources */ = {isa = PBXBuildFile; fileRef = 52977D901CED74C400FC7F83 /* photoCollectionViewCell.swift */; };
		52977DA71CED74C400FC7F83 /* photoCollectionViewCell.xib in Resources */ = {isa = PBXBuildFile; fileRef = 52977D911CED74C400FC7F83 /* photoCollectionViewCell.xib */; };
		52977DA81CED74C400FC7F83 /* PhotoCollectionViewController.swift in Sources */ = {isa = PBXBuildFile; fileRef = 52977D921CED74C400FC7F83 /* PhotoCollectionViewController.swift */; };
		52977DA91CED74C400FC7F83 /* PhotoFetchOptions.swift in Sources */ = {isa = PBXBuildFile; fileRef = 52977D931CED74C400FC7F83 /* PhotoFetchOptions.swift */; };
		52977DAA1CED74C400FC7F83 /* PhotoImage.swift in Sources */ = {isa = PBXBuildFile; fileRef = 52977D941CED74C400FC7F83 /* PhotoImage.swift */; };
		52977DAB1CED74C400FC7F83 /* PhotoImageManager.swift in Sources */ = {isa = PBXBuildFile; fileRef = 52977D951CED74C400FC7F83 /* PhotoImageManager.swift */; };
		52977DAC1CED74C400FC7F83 /* PhotoImageModel.swift in Sources */ = {isa = PBXBuildFile; fileRef = 52977D961CED74C400FC7F83 /* PhotoImageModel.swift */; };
		52977DAD1CED74C400FC7F83 /* PhotoPickerConfig.swift in Sources */ = {isa = PBXBuildFile; fileRef = 52977D971CED74C400FC7F83 /* PhotoPickerConfig.swift */; };
		52977DAE1CED74C400FC7F83 /* PhotoPickerController.swift in Sources */ = {isa = PBXBuildFile; fileRef = 52977D981CED74C400FC7F83 /* PhotoPickerController.swift */; };
		52977DAF1CED74C400FC7F83 /* PhotoPreviewBottomBarView.swift in Sources */ = {isa = PBXBuildFile; fileRef = 52977D991CED74C400FC7F83 /* PhotoPreviewBottomBarView.swift */; };
		52977DB01CED74C400FC7F83 /* PhotoPreviewCell.swift in Sources */ = {isa = PBXBuildFile; fileRef = 52977D9A1CED74C400FC7F83 /* PhotoPreviewCell.swift */; };
		52977DB11CED74C400FC7F83 /* PhotoPreviewToolbarView.swift in Sources */ = {isa = PBXBuildFile; fileRef = 52977D9B1CED74C400FC7F83 /* PhotoPreviewToolbarView.swift */; };
		52977DB21CED74C400FC7F83 /* PhotoPreviewViewController.swift in Sources */ = {isa = PBXBuildFile; fileRef = 52977D9C1CED74C400FC7F83 /* PhotoPreviewViewController.swift */; };
		52977DB31CED74C400FC7F83 /* SinglePhotoPreviewViewController.swift in Sources */ = {isa = PBXBuildFile; fileRef = 52977D9D1CED74C400FC7F83 /* SinglePhotoPreviewViewController.swift */; };
		52977DB41CED74C400FC7F83 /* UICollectionView+Extension.swift in Sources */ = {isa = PBXBuildFile; fileRef = 52977D9E1CED74C400FC7F83 /* UICollectionView+Extension.swift */; };
		52977DB51CED74C400FC7F83 /* UIImage+Extension.swift in Sources */ = {isa = PBXBuildFile; fileRef = 52977D9F1CED74C400FC7F83 /* UIImage+Extension.swift */; };
		52977DBB1CED74EA00FC7F83 /* ZENewStatusewController.swift in Sources */ = {isa = PBXBuildFile; fileRef = 52977DB71CED74EA00FC7F83 /* ZENewStatusewController.swift */; };
		52977DBC1CED74EA00FC7F83 /* ZENewStatusModel.swift in Sources */ = {isa = PBXBuildFile; fileRef = 52977DB91CED74EA00FC7F83 /* ZENewStatusModel.swift */; };
		52977DBE1CED750300FC7F83 /* XTStatusCloud.swift in Sources */ = {isa = PBXBuildFile; fileRef = 52977DBD1CED750300FC7F83 /* XTStatusCloud.swift */; };
		52977DC01CED752900FC7F83 /* StatusMdoel.swift in Sources */ = {isa = PBXBuildFile; fileRef = 52977DBF1CED752900FC7F83 /* StatusMdoel.swift */; };
		52DD5E0D1CEC997600A921F2 /* Assets.xcassets in Resources */ = {isa = PBXBuildFile; fileRef = 52DD5E0C1CEC997600A921F2 /* Assets.xcassets */; };
		52E99D651CF0A47B0044F187 /* SnapKit.framework in Frameworks */ = {isa = PBXBuildFile; fileRef = 52E99D641CF0A47B0044F187 /* SnapKit.framework */; };
		52E99D661CF0A47B0044F187 /* SnapKit.framework in Embed Frameworks */ = {isa = PBXBuildFile; fileRef = 52E99D641CF0A47B0044F187 /* SnapKit.framework */; settings = {ATTRIBUTES = (CodeSignOnCopy, RemoveHeadersOnCopy, ); }; };
		52F7546C1CF5497E0003B960 /* Area.plist in Resources */ = {isa = PBXBuildFile; fileRef = 52F754641CF5497E0003B960 /* Area.plist */; };
		52F7546D1CF5497E0003B960 /* City.plist in Resources */ = {isa = PBXBuildFile; fileRef = 52F754651CF5497E0003B960 /* City.plist */; };
		52F7546E1CF5497E0003B960 /* Picker.swift in Sources */ = {isa = PBXBuildFile; fileRef = 52F754661CF5497E0003B960 /* Picker.swift */; };
		52F7546F1CF5497E0003B960 /* PickerView.swift in Sources */ = {isa = PBXBuildFile; fileRef = 52F754671CF5497E0003B960 /* PickerView.swift */; };
		52F754701CF5497E0003B960 /* Province.plist in Resources */ = {isa = PBXBuildFile; fileRef = 52F754681CF5497E0003B960 /* Province.plist */; };
		52F754711CF5497E0003B960 /* SelectionTextField.swift in Sources */ = {isa = PBXBuildFile; fileRef = 52F754691CF5497E0003B960 /* SelectionTextField.swift */; };
		52F754721CF5497E0003B960 /* ToolBarView.swift in Sources */ = {isa = PBXBuildFile; fileRef = 52F7546A1CF5497E0003B960 /* ToolBarView.swift */; };
		52F754731CF5497E0003B960 /* UsefulPickerView.swift in Sources */ = {isa = PBXBuildFile; fileRef = 52F7546B1CF5497E0003B960 /* UsefulPickerView.swift */; };
/* End PBXBuildFile section */

/* Begin PBXCopyFilesBuildPhase section */
		525BD62D1CEC9E0100D7DE8F /* Embed Frameworks */ = {
			isa = PBXCopyFilesBuildPhase;
			buildActionMask = 2147483647;
			dstPath = "";
			dstSubfolderSpec = 10;
			files = (
				525BD62C1CEC9E0100D7DE8F /* SwiftyJSON.framework in Embed Frameworks */,
				52E99D661CF0A47B0044F187 /* SnapKit.framework in Embed Frameworks */,
			);
			name = "Embed Frameworks";
			runOnlyForDeploymentPostprocessing = 0;
		};
/* End PBXCopyFilesBuildPhase section */

/* Begin PBXFileReference section */
		0E514C064C23387549826553 /* Pods.debug.xcconfig */ = {isa = PBXFileReference; includeInIndex = 1; lastKnownFileType = text.xcconfig; name = Pods.debug.xcconfig; path = "Pods/Target Support Files/Pods/Pods.debug.xcconfig"; sourceTree = "<group>"; };
		525BD62A1CEC9E0100D7DE8F /* SwiftyJSON.framework */ = {isa = PBXFileReference; lastKnownFileType = wrapper.framework; name = SwiftyJSON.framework; path = Carthage/Build/iOS/SwiftyJSON.framework; sourceTree = "<group>"; };
		525BD62F1CEC9ED200D7DE8F /* AppDelegate.swift */ = {isa = PBXFileReference; fileEncoding = 4; lastKnownFileType = sourcecode.swift; path = AppDelegate.swift; sourceTree = "<group>"; };
		525BD6311CEC9ED200D7DE8F /* WildDogHelper.swift */ = {isa = PBXFileReference; fileEncoding = 4; lastKnownFileType = sourcecode.swift; path = WildDogHelper.swift; sourceTree = "<group>"; };
		525BD6331CEC9ED200D7DE8F /* SwiftMacro.swift */ = {isa = PBXFileReference; fileEncoding = 4; lastKnownFileType = sourcecode.swift; path = SwiftMacro.swift; sourceTree = "<group>"; };
		525BD6381CEC9ED200D7DE8F /* StatusViewController.swift */ = {isa = PBXFileReference; fileEncoding = 4; lastKnownFileType = sourcecode.swift; path = StatusViewController.swift; sourceTree = "<group>"; };
		525BD63A1CEC9ED200D7DE8F /* ZEStatusVCModel.swift */ = {isa = PBXFileReference; fileEncoding = 4; lastKnownFileType = sourcecode.swift; path = ZEStatusVCModel.swift; sourceTree = "<group>"; };
		525BD63C1CEC9ED200D7DE8F /* StatusCell.swift */ = {isa = PBXFileReference; fileEncoding = 4; lastKnownFileType = sourcecode.swift; path = StatusCell.swift; sourceTree = "<group>"; };
		525BD63D1CEC9ED200D7DE8F /* StatusCell.xib */ = {isa = PBXFileReference; fileEncoding = 4; lastKnownFileType = file.xib; path = StatusCell.xib; sourceTree = "<group>"; };
		525BD6471CEC9ED200D7DE8F /* LaunchScreen.storyboard */ = {isa = PBXFileReference; fileEncoding = 4; lastKnownFileType = file.storyboard; path = LaunchScreen.storyboard; sourceTree = "<group>"; };
		525BD6481CEC9ED200D7DE8F /* Main.storyboard */ = {isa = PBXFileReference; fileEncoding = 4; lastKnownFileType = file.storyboard; path = Main.storyboard; sourceTree = "<group>"; };
		525BD6531CEC9FD900D7DE8F /* TimeLine-Bridging-Header.h */ = {isa = PBXFileReference; lastKnownFileType = sourcecode.c.h; path = "TimeLine-Bridging-Header.h"; sourceTree = "<group>"; };
		525DA3A41CF000F500CF873C /* ZEHud.swift */ = {isa = PBXFileReference; fileEncoding = 4; lastKnownFileType = sourcecode.swift; path = ZEHud.swift; sourceTree = "<group>"; };
		525DA3A61CF0011900CF873C /* ZERundom.swift */ = {isa = PBXFileReference; fileEncoding = 4; lastKnownFileType = sourcecode.swift; path = ZERundom.swift; sourceTree = "<group>"; };
		526C3E941CEEEBBA0084708E /* ZETableViewModel.swift */ = {isa = PBXFileReference; fileEncoding = 4; lastKnownFileType = sourcecode.swift; path = ZETableViewModel.swift; sourceTree = "<group>"; };
		5287908D1CF047D30081409F /* TagMacro.swift */ = {isa = PBXFileReference; fileEncoding = 4; lastKnownFileType = sourcecode.swift; path = TagMacro.swift; sourceTree = "<group>"; };
		52977D8A1CED74C400FC7F83 /* AlbumToolbarView.swift */ = {isa = PBXFileReference; fileEncoding = 4; lastKnownFileType = sourcecode.swift; path = AlbumToolbarView.swift; sourceTree = "<group>"; };
		52977D8B1CED74C400FC7F83 /* ImageModel.swift */ = {isa = PBXFileReference; fileEncoding = 4; lastKnownFileType = sourcecode.swift; path = ImageModel.swift; sourceTree = "<group>"; };
		52977D8C1CED74C400FC7F83 /* NSIndexSet+Extension.swift */ = {isa = PBXFileReference; fileEncoding = 4; lastKnownFileType = sourcecode.swift; path = "NSIndexSet+Extension.swift"; sourceTree = "<group>"; };
		52977D8D1CED74C400FC7F83 /* PhotoAlbumsTableViewController.swift */ = {isa = PBXFileReference; fileEncoding = 4; lastKnownFileType = sourcecode.swift; path = PhotoAlbumsTableViewController.swift; sourceTree = "<group>"; };
		52977D8E1CED74C400FC7F83 /* PhotoAlbumTableViewCell.swift */ = {isa = PBXFileReference; fileEncoding = 4; lastKnownFileType = sourcecode.swift; path = PhotoAlbumTableViewCell.swift; sourceTree = "<group>"; };
		52977D8F1CED74C400FC7F83 /* PhotoAlbumTableViewCell.xib */ = {isa = PBXFileReference; fileEncoding = 4; lastKnownFileType = file.xib; path = PhotoAlbumTableViewCell.xib; sourceTree = "<group>"; };
		52977D901CED74C400FC7F83 /* photoCollectionViewCell.swift */ = {isa = PBXFileReference; fileEncoding = 4; lastKnownFileType = sourcecode.swift; path = photoCollectionViewCell.swift; sourceTree = "<group>"; };
		52977D911CED74C400FC7F83 /* photoCollectionViewCell.xib */ = {isa = PBXFileReference; fileEncoding = 4; lastKnownFileType = file.xib; path = photoCollectionViewCell.xib; sourceTree = "<group>"; };
		52977D921CED74C400FC7F83 /* PhotoCollectionViewController.swift */ = {isa = PBXFileReference; fileEncoding = 4; lastKnownFileType = sourcecode.swift; path = PhotoCollectionViewController.swift; sourceTree = "<group>"; };
		52977D931CED74C400FC7F83 /* PhotoFetchOptions.swift */ = {isa = PBXFileReference; fileEncoding = 4; lastKnownFileType = sourcecode.swift; path = PhotoFetchOptions.swift; sourceTree = "<group>"; };
		52977D941CED74C400FC7F83 /* PhotoImage.swift */ = {isa = PBXFileReference; fileEncoding = 4; lastKnownFileType = sourcecode.swift; path = PhotoImage.swift; sourceTree = "<group>"; };
		52977D951CED74C400FC7F83 /* PhotoImageManager.swift */ = {isa = PBXFileReference; fileEncoding = 4; lastKnownFileType = sourcecode.swift; path = PhotoImageManager.swift; sourceTree = "<group>"; };
		52977D961CED74C400FC7F83 /* PhotoImageModel.swift */ = {isa = PBXFileReference; fileEncoding = 4; lastKnownFileType = sourcecode.swift; path = PhotoImageModel.swift; sourceTree = "<group>"; };
		52977D971CED74C400FC7F83 /* PhotoPickerConfig.swift */ = {isa = PBXFileReference; fileEncoding = 4; lastKnownFileType = sourcecode.swift; path = PhotoPickerConfig.swift; sourceTree = "<group>"; };
		52977D981CED74C400FC7F83 /* PhotoPickerController.swift */ = {isa = PBXFileReference; fileEncoding = 4; lastKnownFileType = sourcecode.swift; path = PhotoPickerController.swift; sourceTree = "<group>"; };
		52977D991CED74C400FC7F83 /* PhotoPreviewBottomBarView.swift */ = {isa = PBXFileReference; fileEncoding = 4; lastKnownFileType = sourcecode.swift; path = PhotoPreviewBottomBarView.swift; sourceTree = "<group>"; };
		52977D9A1CED74C400FC7F83 /* PhotoPreviewCell.swift */ = {isa = PBXFileReference; fileEncoding = 4; lastKnownFileType = sourcecode.swift; path = PhotoPreviewCell.swift; sourceTree = "<group>"; };
		52977D9B1CED74C400FC7F83 /* PhotoPreviewToolbarView.swift */ = {isa = PBXFileReference; fileEncoding = 4; lastKnownFileType = sourcecode.swift; path = PhotoPreviewToolbarView.swift; sourceTree = "<group>"; };
		52977D9C1CED74C400FC7F83 /* PhotoPreviewViewController.swift */ = {isa = PBXFileReference; fileEncoding = 4; lastKnownFileType = sourcecode.swift; path = PhotoPreviewViewController.swift; sourceTree = "<group>"; };
		52977D9D1CED74C400FC7F83 /* SinglePhotoPreviewViewController.swift */ = {isa = PBXFileReference; fileEncoding = 4; lastKnownFileType = sourcecode.swift; path = SinglePhotoPreviewViewController.swift; sourceTree = "<group>"; };
		52977D9E1CED74C400FC7F83 /* UICollectionView+Extension.swift */ = {isa = PBXFileReference; fileEncoding = 4; lastKnownFileType = sourcecode.swift; path = "UICollectionView+Extension.swift"; sourceTree = "<group>"; };
		52977D9F1CED74C400FC7F83 /* UIImage+Extension.swift */ = {isa = PBXFileReference; fileEncoding = 4; lastKnownFileType = sourcecode.swift; path = "UIImage+Extension.swift"; sourceTree = "<group>"; };
		52977DB71CED74EA00FC7F83 /* ZENewStatusewController.swift */ = {isa = PBXFileReference; fileEncoding = 4; lastKnownFileType = sourcecode.swift; path = ZENewStatusewController.swift; sourceTree = "<group>"; };
		52977DB91CED74EA00FC7F83 /* ZENewStatusModel.swift */ = {isa = PBXFileReference; fileEncoding = 4; lastKnownFileType = sourcecode.swift; path = ZENewStatusModel.swift; sourceTree = "<group>"; };
		52977DBD1CED750300FC7F83 /* XTStatusCloud.swift */ = {isa = PBXFileReference; fileEncoding = 4; lastKnownFileType = sourcecode.swift; path = XTStatusCloud.swift; sourceTree = "<group>"; };
		52977DBF1CED752900FC7F83 /* StatusMdoel.swift */ = {isa = PBXFileReference; fileEncoding = 4; lastKnownFileType = sourcecode.swift; path = StatusMdoel.swift; sourceTree = "<group>"; };
		52DD5E021CEC997500A921F2 /* TimeLine.app */ = {isa = PBXFileReference; explicitFileType = wrapper.application; includeInIndex = 0; path = TimeLine.app; sourceTree = BUILT_PRODUCTS_DIR; };
		52DD5E0C1CEC997600A921F2 /* Assets.xcassets */ = {isa = PBXFileReference; lastKnownFileType = folder.assetcatalog; path = Assets.xcassets; sourceTree = "<group>"; };
		52DD5E111CEC997600A921F2 /* Info.plist */ = {isa = PBXFileReference; lastKnownFileType = text.plist.xml; path = Info.plist; sourceTree = "<group>"; };
		52E99D641CF0A47B0044F187 /* SnapKit.framework */ = {isa = PBXFileReference; lastKnownFileType = wrapper.framework; name = SnapKit.framework; path = Carthage/Build/iOS/SnapKit.framework; sourceTree = "<group>"; };
		52F754641CF5497E0003B960 /* Area.plist */ = {isa = PBXFileReference; fileEncoding = 4; lastKnownFileType = text.plist.xml; path = Area.plist; sourceTree = "<group>"; };
		52F754651CF5497E0003B960 /* City.plist */ = {isa = PBXFileReference; fileEncoding = 4; lastKnownFileType = text.plist.xml; path = City.plist; sourceTree = "<group>"; };
		52F754661CF5497E0003B960 /* Picker.swift */ = {isa = PBXFileReference; fileEncoding = 4; lastKnownFileType = sourcecode.swift; path = Picker.swift; sourceTree = "<group>"; };
		52F754671CF5497E0003B960 /* PickerView.swift */ = {isa = PBXFileReference; fileEncoding = 4; lastKnownFileType = sourcecode.swift; path = PickerView.swift; sourceTree = "<group>"; };
		52F754681CF5497E0003B960 /* Province.plist */ = {isa = PBXFileReference; fileEncoding = 4; lastKnownFileType = text.plist.xml; path = Province.plist; sourceTree = "<group>"; };
		52F754691CF5497E0003B960 /* SelectionTextField.swift */ = {isa = PBXFileReference; fileEncoding = 4; lastKnownFileType = sourcecode.swift; path = SelectionTextField.swift; sourceTree = "<group>"; };
		52F7546A1CF5497E0003B960 /* ToolBarView.swift */ = {isa = PBXFileReference; fileEncoding = 4; lastKnownFileType = sourcecode.swift; path = ToolBarView.swift; sourceTree = "<group>"; };
		52F7546B1CF5497E0003B960 /* UsefulPickerView.swift */ = {isa = PBXFileReference; fileEncoding = 4; lastKnownFileType = sourcecode.swift; path = UsefulPickerView.swift; sourceTree = "<group>"; };
		8E67797864CA59834FC0908C /* libPods.a */ = {isa = PBXFileReference; explicitFileType = archive.ar; includeInIndex = 0; path = libPods.a; sourceTree = BUILT_PRODUCTS_DIR; };
		C51AFF138580A10490CFED65 /* Pods.release.xcconfig */ = {isa = PBXFileReference; includeInIndex = 1; lastKnownFileType = text.xcconfig; name = Pods.release.xcconfig; path = "Pods/Target Support Files/Pods/Pods.release.xcconfig"; sourceTree = "<group>"; };
/* End PBXFileReference section */

/* Begin PBXFrameworksBuildPhase section */
		52DD5DFF1CEC997500A921F2 /* Frameworks */ = {
			isa = PBXFrameworksBuildPhase;
			buildActionMask = 2147483647;
			files = (
				52E99D651CF0A47B0044F187 /* SnapKit.framework in Frameworks */,
				525BD62B1CEC9E0100D7DE8F /* SwiftyJSON.framework in Frameworks */,
				424AAC301A9156E8F4552B34 /* libPods.a in Frameworks */,
			);
			runOnlyForDeploymentPostprocessing = 0;
		};
/* End PBXFrameworksBuildPhase section */

/* Begin PBXGroup section */
		47DBFCACA54F4AF63D860999 /* Frameworks */ = {
			isa = PBXGroup;
			children = (
				8E67797864CA59834FC0908C /* libPods.a */,
			);
			name = Frameworks;
			sourceTree = "<group>";
		};
		525BD62E1CEC9ED200D7DE8F /* Class */ = {
			isa = PBXGroup;
			children = (
				525BD62F1CEC9ED200D7DE8F /* AppDelegate.swift */,
				525BD6301CEC9ED200D7DE8F /* Helper */,
				525BD6321CEC9ED200D7DE8F /* Macro */,
				525BD6341CEC9ED200D7DE8F /* Model */,
				525BD6351CEC9ED200D7DE8F /* Scenes */,
				525BD6461CEC9ED200D7DE8F /* StroyBoard */,
				525BD6491CEC9ED200D7DE8F /* Vendors */,
			);
			path = Class;
			sourceTree = "<group>";
		};
		525BD6301CEC9ED200D7DE8F /* Helper */ = {
			isa = PBXGroup;
			children = (
				525BD6311CEC9ED200D7DE8F /* WildDogHelper.swift */,
				52977DBD1CED750300FC7F83 /* XTStatusCloud.swift */,
			);
			path = Helper;
			sourceTree = "<group>";
		};
		525BD6321CEC9ED200D7DE8F /* Macro */ = {
			isa = PBXGroup;
			children = (
				525BD6331CEC9ED200D7DE8F /* SwiftMacro.swift */,
				5287908D1CF047D30081409F /* TagMacro.swift */,
				525BD6531CEC9FD900D7DE8F /* TimeLine-Bridging-Header.h */,
			);
			path = Macro;
			sourceTree = "<group>";
		};
		525BD6341CEC9ED200D7DE8F /* Model */ = {
			isa = PBXGroup;
			children = (
				52977DBF1CED752900FC7F83 /* StatusMdoel.swift */,
			);
			path = Model;
			sourceTree = "<group>";
		};
		525BD6351CEC9ED200D7DE8F /* Scenes */ = {
			isa = PBXGroup;
			children = (
				525BD6361CEC9ED200D7DE8F /* Home */,
				525BD63E1CEC9ED200D7DE8F /* New */,
				525BD6421CEC9ED200D7DE8F /* Setting */,
			);
			path = Scenes;
			sourceTree = "<group>";
		};
		525BD6361CEC9ED200D7DE8F /* Home */ = {
			isa = PBXGroup;
			children = (
				526C3E931CEEEB9C0084708E /* ViewModel */,
				525BD6371CEC9ED200D7DE8F /* Controller */,
				525BD6391CEC9ED200D7DE8F /* Model */,
				525BD63B1CEC9ED200D7DE8F /* View */,
			);
			path = Home;
			sourceTree = "<group>";
		};
		525BD6371CEC9ED200D7DE8F /* Controller */ = {
			isa = PBXGroup;
			children = (
				525BD6381CEC9ED200D7DE8F /* StatusViewController.swift */,
			);
			path = Controller;
			sourceTree = "<group>";
		};
		525BD6391CEC9ED200D7DE8F /* Model */ = {
			isa = PBXGroup;
			children = (
				525BD63A1CEC9ED200D7DE8F /* ZEStatusVCModel.swift */,
			);
			path = Model;
			sourceTree = "<group>";
		};
		525BD63B1CEC9ED200D7DE8F /* View */ = {
			isa = PBXGroup;
			children = (
				525BD63C1CEC9ED200D7DE8F /* StatusCell.swift */,
				525BD63D1CEC9ED200D7DE8F /* StatusCell.xib */,
			);
			path = View;
			sourceTree = "<group>";
		};
		525BD63E1CEC9ED200D7DE8F /* New */ = {
			isa = PBXGroup;
			children = (
				52977DB61CED74EA00FC7F83 /* Controller */,
				52977DB81CED74EA00FC7F83 /* Model */,
				52977DBA1CED74EA00FC7F83 /* View */,
			);
			path = New;
			sourceTree = "<group>";
		};
		525BD6421CEC9ED200D7DE8F /* Setting */ = {
			isa = PBXGroup;
			children = (
				525BD6431CEC9ED200D7DE8F /* Controller */,
				525BD6441CEC9ED200D7DE8F /* Model */,
				525BD6451CEC9ED200D7DE8F /* View */,
			);
			path = Setting;
			sourceTree = "<group>";
		};
		525BD6431CEC9ED200D7DE8F /* Controller */ = {
			isa = PBXGroup;
			children = (
			);
			path = Controller;
			sourceTree = "<group>";
		};
		525BD6441CEC9ED200D7DE8F /* Model */ = {
			isa = PBXGroup;
			children = (
			);
			path = Model;
			sourceTree = "<group>";
		};
		525BD6451CEC9ED200D7DE8F /* View */ = {
			isa = PBXGroup;
			children = (
			);
			path = View;
			sourceTree = "<group>";
		};
		525BD6461CEC9ED200D7DE8F /* StroyBoard */ = {
			isa = PBXGroup;
			children = (
				525BD6471CEC9ED200D7DE8F /* LaunchScreen.storyboard */,
				525BD6481CEC9ED200D7DE8F /* Main.storyboard */,
			);
			path = StroyBoard;
			sourceTree = "<group>";
		};
		525BD6491CEC9ED200D7DE8F /* Vendors */ = {
			isa = PBXGroup;
			children = (
				52F754631CF5497E0003B960 /* PickerViewSource */,
				525DA3A31CF000F500CF873C /* ZEKit */,
				52977D891CED74C400FC7F83 /* Core */,
			);
			path = Vendors;
			sourceTree = "<group>";
		};
		525DA3A31CF000F500CF873C /* ZEKit */ = {
			isa = PBXGroup;
			children = (
				525DA3A41CF000F500CF873C /* ZEHud.swift */,
				525DA3A61CF0011900CF873C /* ZERundom.swift */,
			);
			path = ZEKit;
			sourceTree = "<group>";
		};
		526C3E931CEEEB9C0084708E /* ViewModel */ = {
			isa = PBXGroup;
			children = (
				526C3E941CEEEBBA0084708E /* ZETableViewModel.swift */,
			);
			path = ViewModel;
			sourceTree = "<group>";
		};
		52977D891CED74C400FC7F83 /* Core */ = {
			isa = PBXGroup;
			children = (
				52977D8A1CED74C400FC7F83 /* AlbumToolbarView.swift */,
				52977D8B1CED74C400FC7F83 /* ImageModel.swift */,
				52977D8C1CED74C400FC7F83 /* NSIndexSet+Extension.swift */,
				52977D8D1CED74C400FC7F83 /* PhotoAlbumsTableViewController.swift */,
				52977D8E1CED74C400FC7F83 /* PhotoAlbumTableViewCell.swift */,
				52977D8F1CED74C400FC7F83 /* PhotoAlbumTableViewCell.xib */,
				52977D901CED74C400FC7F83 /* photoCollectionViewCell.swift */,
				52977D911CED74C400FC7F83 /* photoCollectionViewCell.xib */,
				52977D921CED74C400FC7F83 /* PhotoCollectionViewController.swift */,
				52977D931CED74C400FC7F83 /* PhotoFetchOptions.swift */,
				52977D941CED74C400FC7F83 /* PhotoImage.swift */,
				52977D951CED74C400FC7F83 /* PhotoImageManager.swift */,
				52977D961CED74C400FC7F83 /* PhotoImageModel.swift */,
				52977D971CED74C400FC7F83 /* PhotoPickerConfig.swift */,
				52977D981CED74C400FC7F83 /* PhotoPickerController.swift */,
				52977D991CED74C400FC7F83 /* PhotoPreviewBottomBarView.swift */,
				52977D9A1CED74C400FC7F83 /* PhotoPreviewCell.swift */,
				52977D9B1CED74C400FC7F83 /* PhotoPreviewToolbarView.swift */,
				52977D9C1CED74C400FC7F83 /* PhotoPreviewViewController.swift */,
				52977D9D1CED74C400FC7F83 /* SinglePhotoPreviewViewController.swift */,
				52977D9E1CED74C400FC7F83 /* UICollectionView+Extension.swift */,
				52977D9F1CED74C400FC7F83 /* UIImage+Extension.swift */,
			);
			path = Core;
			sourceTree = "<group>";
		};
		52977DB61CED74EA00FC7F83 /* Controller */ = {
			isa = PBXGroup;
			children = (
				52977DB71CED74EA00FC7F83 /* ZENewStatusewController.swift */,
			);
			path = Controller;
			sourceTree = "<group>";
		};
		52977DB81CED74EA00FC7F83 /* Model */ = {
			isa = PBXGroup;
			children = (
				52977DB91CED74EA00FC7F83 /* ZENewStatusModel.swift */,
			);
			path = Model;
			sourceTree = "<group>";
		};
		52977DBA1CED74EA00FC7F83 /* View */ = {
			isa = PBXGroup;
			children = (
			);
			path = View;
			sourceTree = "<group>";
		};
		52DD5DF91CEC997500A921F2 = {
			isa = PBXGroup;
			children = (
				52E99D641CF0A47B0044F187 /* SnapKit.framework */,
				525BD62A1CEC9E0100D7DE8F /* SwiftyJSON.framework */,
				52DD5E041CEC997500A921F2 /* TimeLine */,
				52DD5E031CEC997500A921F2 /* Products */,
				966224CF59F67A9C1A48FFDC /* Pods */,
				47DBFCACA54F4AF63D860999 /* Frameworks */,
			);
			sourceTree = "<group>";
		};
		52DD5E031CEC997500A921F2 /* Products */ = {
			isa = PBXGroup;
			children = (
				52DD5E021CEC997500A921F2 /* TimeLine.app */,
			);
			name = Products;
			sourceTree = "<group>";
		};
		52DD5E041CEC997500A921F2 /* TimeLine */ = {
			isa = PBXGroup;
			children = (
				525BD62E1CEC9ED200D7DE8F /* Class */,
				52DD5E0C1CEC997600A921F2 /* Assets.xcassets */,
				52DD5E111CEC997600A921F2 /* Info.plist */,
			);
			path = TimeLine;
			sourceTree = "<group>";
		};
		52F754631CF5497E0003B960 /* PickerViewSource */ = {
			isa = PBXGroup;
			children = (
				52F754641CF5497E0003B960 /* Area.plist */,
				52F754651CF5497E0003B960 /* City.plist */,
				52F754661CF5497E0003B960 /* Picker.swift */,
				52F754671CF5497E0003B960 /* PickerView.swift */,
				52F754681CF5497E0003B960 /* Province.plist */,
				52F754691CF5497E0003B960 /* SelectionTextField.swift */,
				52F7546A1CF5497E0003B960 /* ToolBarView.swift */,
				52F7546B1CF5497E0003B960 /* UsefulPickerView.swift */,
			);
			path = PickerViewSource;
			sourceTree = "<group>";
		};
		966224CF59F67A9C1A48FFDC /* Pods */ = {
			isa = PBXGroup;
			children = (
				0E514C064C23387549826553 /* Pods.debug.xcconfig */,
				C51AFF138580A10490CFED65 /* Pods.release.xcconfig */,
			);
			name = Pods;
			sourceTree = "<group>";
		};
/* End PBXGroup section */

/* Begin PBXNativeTarget section */
		52DD5E011CEC997500A921F2 /* TimeLine */ = {
			isa = PBXNativeTarget;
			buildConfigurationList = 52DD5E141CEC997600A921F2 /* Build configuration list for PBXNativeTarget "TimeLine" */;
			buildPhases = (
				8992275D92E593122A0087BA /* Check Pods Manifest.lock */,
				52DD5DFE1CEC997500A921F2 /* Sources */,
				52DD5DFF1CEC997500A921F2 /* Frameworks */,
				52DD5E001CEC997500A921F2 /* Resources */,
				F7CFABDF84D31B23B79F0E28 /* Embed Pods Frameworks */,
				96B785DCCCDA83C19A3680DE /* Copy Pods Resources */,
				525BD62D1CEC9E0100D7DE8F /* Embed Frameworks */,
			);
			buildRules = (
			);
			dependencies = (
			);
			name = TimeLine;
			productName = TimeLine;
			productReference = 52DD5E021CEC997500A921F2 /* TimeLine.app */;
			productType = "com.apple.product-type.application";
		};
/* End PBXNativeTarget section */

/* Begin PBXProject section */
		52DD5DFA1CEC997500A921F2 /* Project object */ = {
			isa = PBXProject;
			attributes = {
				LastSwiftUpdateCheck = 0730;
				LastUpgradeCheck = 0730;
				ORGANIZATIONNAME = "胡春源";
				TargetAttributes = {
					52DD5E011CEC997500A921F2 = {
						CreatedOnToolsVersion = 7.3.1;
					};
				};
			};
			buildConfigurationList = 52DD5DFD1CEC997500A921F2 /* Build configuration list for PBXProject "TimeLine" */;
			compatibilityVersion = "Xcode 3.2";
			developmentRegion = English;
			hasScannedForEncodings = 0;
			knownRegions = (
				en,
				Base,
			);
			mainGroup = 52DD5DF91CEC997500A921F2;
			productRefGroup = 52DD5E031CEC997500A921F2 /* Products */;
			projectDirPath = "";
			projectRoot = "";
			targets = (
				52DD5E011CEC997500A921F2 /* TimeLine */,
			);
		};
/* End PBXProject section */

/* Begin PBXResourcesBuildPhase section */
		52DD5E001CEC997500A921F2 /* Resources */ = {
			isa = PBXResourcesBuildPhase;
			buildActionMask = 2147483647;
			files = (
				52F7546D1CF5497E0003B960 /* City.plist in Resources */,
				52DD5E0D1CEC997600A921F2 /* Assets.xcassets in Resources */,
				52977DA51CED74C400FC7F83 /* PhotoAlbumTableViewCell.xib in Resources */,
				52F754701CF5497E0003B960 /* Province.plist in Resources */,
				525BD6521CEC9ED200D7DE8F /* Main.storyboard in Resources */,
				52977DA71CED74C400FC7F83 /* photoCollectionViewCell.xib in Resources */,
				52F7546C1CF5497E0003B960 /* Area.plist in Resources */,
				525BD6511CEC9ED200D7DE8F /* LaunchScreen.storyboard in Resources */,
				525BD6501CEC9ED200D7DE8F /* StatusCell.xib in Resources */,
			);
			runOnlyForDeploymentPostprocessing = 0;
		};
/* End PBXResourcesBuildPhase section */

/* Begin PBXShellScriptBuildPhase section */
		8992275D92E593122A0087BA /* Check Pods Manifest.lock */ = {
			isa = PBXShellScriptBuildPhase;
			buildActionMask = 2147483647;
			files = (
			);
			inputPaths = (
			);
			name = "Check Pods Manifest.lock";
			outputPaths = (
			);
			runOnlyForDeploymentPostprocessing = 0;
			shellPath = /bin/sh;
			shellScript = "diff \"${PODS_ROOT}/../Podfile.lock\" \"${PODS_ROOT}/Manifest.lock\" > /dev/null\nif [[ $? != 0 ]] ; then\n    cat << EOM\nerror: The sandbox is not in sync with the Podfile.lock. Run 'pod install' or update your CocoaPods installation.\nEOM\n    exit 1\nfi\n";
			showEnvVarsInLog = 0;
		};
		96B785DCCCDA83C19A3680DE /* Copy Pods Resources */ = {
			isa = PBXShellScriptBuildPhase;
			buildActionMask = 2147483647;
			files = (
			);
			inputPaths = (
			);
			name = "Copy Pods Resources";
			outputPaths = (
			);
			runOnlyForDeploymentPostprocessing = 0;
			shellPath = /bin/sh;
			shellScript = "\"${SRCROOT}/Pods/Target Support Files/Pods/Pods-resources.sh\"\n";
			showEnvVarsInLog = 0;
		};
		F7CFABDF84D31B23B79F0E28 /* Embed Pods Frameworks */ = {
			isa = PBXShellScriptBuildPhase;
			buildActionMask = 2147483647;
			files = (
			);
			inputPaths = (
			);
			name = "Embed Pods Frameworks";
			outputPaths = (
			);
			runOnlyForDeploymentPostprocessing = 0;
			shellPath = /bin/sh;
			shellScript = "\"${SRCROOT}/Pods/Target Support Files/Pods/Pods-frameworks.sh\"\n";
			showEnvVarsInLog = 0;
		};
/* End PBXShellScriptBuildPhase section */

/* Begin PBXSourcesBuildPhase section */
		52DD5DFE1CEC997500A921F2 /* Sources */ = {
			isa = PBXSourcesBuildPhase;
			buildActionMask = 2147483647;
			files = (
				525BD64B1CEC9ED200D7DE8F /* WildDogHelper.swift in Sources */,
				52977DA61CED74C400FC7F83 /* photoCollectionViewCell.swift in Sources */,
				52977DB21CED74C400FC7F83 /* PhotoPreviewViewController.swift in Sources */,
				52977DAD1CED74C400FC7F83 /* PhotoPickerConfig.swift in Sources */,
				52977DAF1CED74C400FC7F83 /* PhotoPreviewBottomBarView.swift in Sources */,
				525DA3A71CF0011900CF873C /* ZERundom.swift in Sources */,
				52977DA81CED74C400FC7F83 /* PhotoCollectionViewController.swift in Sources */,
				5287908E1CF047D30081409F /* TagMacro.swift in Sources */,
				525DA3A51CF000F500CF873C /* ZEHud.swift in Sources */,
				525BD64A1CEC9ED200D7DE8F /* AppDelegate.swift in Sources */,
				52977DBC1CED74EA00FC7F83 /* ZENewStatusModel.swift in Sources */,
				525BD64C1CEC9ED200D7DE8F /* SwiftMacro.swift in Sources */,
				525BD64E1CEC9ED200D7DE8F /* ZEStatusVCModel.swift in Sources */,
				52977DAC1CED74C400FC7F83 /* PhotoImageModel.swift in Sources */,
				52977DA91CED74C400FC7F83 /* PhotoFetchOptions.swift in Sources */,
				52977DA31CED74C400FC7F83 /* PhotoAlbumsTableViewController.swift in Sources */,
				52977DA41CED74C400FC7F83 /* PhotoAlbumTableViewCell.swift in Sources */,
				52977DB51CED74C400FC7F83 /* UIImage+Extension.swift in Sources */,
				525BD64D1CEC9ED200D7DE8F /* StatusViewController.swift in Sources */,
				52977DAB1CED74C400FC7F83 /* PhotoImageManager.swift in Sources */,
				52977DA01CED74C400FC7F83 /* AlbumToolbarView.swift in Sources */,
				52977DB41CED74C400FC7F83 /* UICollectionView+Extension.swift in Sources */,
				52977DBB1CED74EA00FC7F83 /* ZENewStatusewController.swift in Sources */,
				52977DBE1CED750300FC7F83 /* XTStatusCloud.swift in Sources */,
				52F7546E1CF5497E0003B960 /* Picker.swift in Sources */,
				52F754711CF5497E0003B960 /* SelectionTextField.swift in Sources */,
				52977DA21CED74C400FC7F83 /* NSIndexSet+Extension.swift in Sources */,
				52977DC01CED752900FC7F83 /* StatusMdoel.swift in Sources */,
				525BD64F1CEC9ED200D7DE8F /* StatusCell.swift in Sources */,
				52F754731CF5497E0003B960 /* UsefulPickerView.swift in Sources */,
				52977DAA1CED74C400FC7F83 /* PhotoImage.swift in Sources */,
				52977DB11CED74C400FC7F83 /* PhotoPreviewToolbarView.swift in Sources */,
				52977DA11CED74C400FC7F83 /* ImageModel.swift in Sources */,
				52F754721CF5497E0003B960 /* ToolBarView.swift in Sources */,
				52977DB01CED74C400FC7F83 /* PhotoPreviewCell.swift in Sources */,
				52977DB31CED74C400FC7F83 /* SinglePhotoPreviewViewController.swift in Sources */,
				526C3E951CEEEBBA0084708E /* ZETableViewModel.swift in Sources */,
				52977DAE1CED74C400FC7F83 /* PhotoPickerController.swift in Sources */,
				52F7546F1CF5497E0003B960 /* PickerView.swift in Sources */,
			);
			runOnlyForDeploymentPostprocessing = 0;
		};
/* End PBXSourcesBuildPhase section */

/* Begin XCBuildConfiguration section */
		52DD5E121CEC997600A921F2 /* Debug */ = {
			isa = XCBuildConfiguration;
			buildSettings = {
				ALWAYS_SEARCH_USER_PATHS = NO;
				CLANG_ANALYZER_NONNULL = YES;
				CLANG_CXX_LANGUAGE_STANDARD = "gnu++0x";
				CLANG_CXX_LIBRARY = "libc++";
				CLANG_ENABLE_MODULES = YES;
				CLANG_ENABLE_OBJC_ARC = YES;
				CLANG_WARN_BOOL_CONVERSION = YES;
				CLANG_WARN_CONSTANT_CONVERSION = YES;
				CLANG_WARN_DIRECT_OBJC_ISA_USAGE = YES_ERROR;
				CLANG_WARN_EMPTY_BODY = YES;
				CLANG_WARN_ENUM_CONVERSION = YES;
				CLANG_WARN_INT_CONVERSION = YES;
				CLANG_WARN_OBJC_ROOT_CLASS = YES_ERROR;
				CLANG_WARN_UNREACHABLE_CODE = YES;
				CLANG_WARN__DUPLICATE_METHOD_MATCH = YES;
				"CODE_SIGN_IDENTITY[sdk=iphoneos*]" = "iPhone Developer";
				COPY_PHASE_STRIP = NO;
				DEBUG_INFORMATION_FORMAT = dwarf;
				ENABLE_STRICT_OBJC_MSGSEND = YES;
				ENABLE_TESTABILITY = YES;
				GCC_C_LANGUAGE_STANDARD = gnu99;
				GCC_DYNAMIC_NO_PIC = NO;
				GCC_NO_COMMON_BLOCKS = YES;
				GCC_OPTIMIZATION_LEVEL = 0;
				GCC_PREPROCESSOR_DEFINITIONS = (
					"DEBUG=1",
					"$(inherited)",
				);
				GCC_WARN_64_TO_32_BIT_CONVERSION = YES;
				GCC_WARN_ABOUT_RETURN_TYPE = YES_ERROR;
				GCC_WARN_UNDECLARED_SELECTOR = YES;
				GCC_WARN_UNINITIALIZED_AUTOS = YES_AGGRESSIVE;
				GCC_WARN_UNUSED_FUNCTION = YES;
				GCC_WARN_UNUSED_VARIABLE = YES;
				IPHONEOS_DEPLOYMENT_TARGET = 9.3;
				MTL_ENABLE_DEBUG_INFO = YES;
				ONLY_ACTIVE_ARCH = YES;
				SDKROOT = iphoneos;
				SWIFT_OPTIMIZATION_LEVEL = "-Onone";
			};
			name = Debug;
		};
		52DD5E131CEC997600A921F2 /* Release */ = {
			isa = XCBuildConfiguration;
			buildSettings = {
				ALWAYS_SEARCH_USER_PATHS = NO;
				CLANG_ANALYZER_NONNULL = YES;
				CLANG_CXX_LANGUAGE_STANDARD = "gnu++0x";
				CLANG_CXX_LIBRARY = "libc++";
				CLANG_ENABLE_MODULES = YES;
				CLANG_ENABLE_OBJC_ARC = YES;
				CLANG_WARN_BOOL_CONVERSION = YES;
				CLANG_WARN_CONSTANT_CONVERSION = YES;
				CLANG_WARN_DIRECT_OBJC_ISA_USAGE = YES_ERROR;
				CLANG_WARN_EMPTY_BODY = YES;
				CLANG_WARN_ENUM_CONVERSION = YES;
				CLANG_WARN_INT_CONVERSION = YES;
				CLANG_WARN_OBJC_ROOT_CLASS = YES_ERROR;
				CLANG_WARN_UNREACHABLE_CODE = YES;
				CLANG_WARN__DUPLICATE_METHOD_MATCH = YES;
				"CODE_SIGN_IDENTITY[sdk=iphoneos*]" = "iPhone Developer";
				COPY_PHASE_STRIP = NO;
				DEBUG_INFORMATION_FORMAT = "dwarf-with-dsym";
				ENABLE_NS_ASSERTIONS = NO;
				ENABLE_STRICT_OBJC_MSGSEND = YES;
				GCC_C_LANGUAGE_STANDARD = gnu99;
				GCC_NO_COMMON_BLOCKS = YES;
				GCC_WARN_64_TO_32_BIT_CONVERSION = YES;
				GCC_WARN_ABOUT_RETURN_TYPE = YES_ERROR;
				GCC_WARN_UNDECLARED_SELECTOR = YES;
				GCC_WARN_UNINITIALIZED_AUTOS = YES_AGGRESSIVE;
				GCC_WARN_UNUSED_FUNCTION = YES;
				GCC_WARN_UNUSED_VARIABLE = YES;
				IPHONEOS_DEPLOYMENT_TARGET = 9.3;
				MTL_ENABLE_DEBUG_INFO = NO;
				SDKROOT = iphoneos;
				VALIDATE_PRODUCT = YES;
			};
			name = Release;
		};
		52DD5E151CEC997600A921F2 /* Debug */ = {
			isa = XCBuildConfiguration;
			baseConfigurationReference = 0E514C064C23387549826553 /* Pods.debug.xcconfig */;
			buildSettings = {
				ASSETCATALOG_COMPILER_APPICON_NAME = AppIcon;
				CLANG_ENABLE_MODULES = YES;
				FRAMEWORK_SEARCH_PATHS = (
					"$(inherited)",
					"$(PROJECT_DIR)/Carthage/Build/iOS",
				);
				INFOPLIST_FILE = TimeLine/Info.plist;
				IPHONEOS_DEPLOYMENT_TARGET = 9.3;
				LD_RUNPATH_SEARCH_PATHS = "$(inherited) @executable_path/Frameworks";
				PRODUCT_BUNDLE_IDENTIFIER = com.Lafree.www.TimeLine;
				PRODUCT_NAME = "$(TARGET_NAME)";
				SWIFT_OBJC_BRIDGING_HEADER = "TimeLine/Class/Macro/TimeLine-Bridging-Header.h";
				SWIFT_OPTIMIZATION_LEVEL = "-Onone";
			};
			name = Debug;
		};
		52DD5E161CEC997600A921F2 /* Release */ = {
			isa = XCBuildConfiguration;
			baseConfigurationReference = C51AFF138580A10490CFED65 /* Pods.release.xcconfig */;
			buildSettings = {
				ASSETCATALOG_COMPILER_APPICON_NAME = AppIcon;
				CLANG_ENABLE_MODULES = YES;
				FRAMEWORK_SEARCH_PATHS = (
					"$(inherited)",
					"$(PROJECT_DIR)/Carthage/Build/iOS",
				);
				INFOPLIST_FILE = TimeLine/Info.plist;
				IPHONEOS_DEPLOYMENT_TARGET = 9.3;
				LD_RUNPATH_SEARCH_PATHS = "$(inherited) @executable_path/Frameworks";
				PRODUCT_BUNDLE_IDENTIFIER = com.Lafree.www.TimeLine;
				PRODUCT_NAME = "$(TARGET_NAME)";
				SWIFT_OBJC_BRIDGING_HEADER = "TimeLine/Class/Macro/TimeLine-Bridging-Header.h";
			};
			name = Release;
		};
/* End XCBuildConfiguration section */

/* Begin XCConfigurationList section */
		52DD5DFD1CEC997500A921F2 /* Build configuration list for PBXProject "TimeLine" */ = {
			isa = XCConfigurationList;
			buildConfigurations = (
				52DD5E121CEC997600A921F2 /* Debug */,
				52DD5E131CEC997600A921F2 /* Release */,
			);
			defaultConfigurationIsVisible = 0;
			defaultConfigurationName = Release;
		};
		52DD5E141CEC997600A921F2 /* Build configuration list for PBXNativeTarget "TimeLine" */ = {
			isa = XCConfigurationList;
			buildConfigurations = (
				52DD5E151CEC997600A921F2 /* Debug */,
				52DD5E161CEC997600A921F2 /* Release */,
			);
			defaultConfigurationIsVisible = 0;
			defaultConfigurationName = Release;
		};
/* End XCConfigurationList section */
	};
	rootObject = 52DD5DFA1CEC997500A921F2 /* Project object */;
}
